
Microsoft Visual Studio Solution File, Format Version 12.00
# Visual Studio Version 17
VisualStudioVersion = 17.14.36121.58
MinimumVisualStudioVersion = 10.0.40219.1
Project("{2150E333-8FDC-42A3-9474-1A3956D46DE8}") = "API", "API", "{02EA681E-C7D8-13C7-8484-4AC65E1B71E8}"
EndProject
Project("{FAE04EC0-301F-11D3-BF4B-00C04F79EFBC}") = "SIGEBI.api", "SIGEBI.api\SIGEBI.api.csproj", "{058458DC-8CBB-4030-8A73-FCBC85C6096D}"
EndProject
Project("{2150E333-8FDC-42A3-9474-1A3956D46DE8}") = "Aplication", "Aplication", "{34D0DB52-0AF5-4748-B94E-B80117BC8FF8}"
EndProject
Project("{FAE04EC0-301F-11D3-BF4B-00C04F79EFBC}") = "SIGEBI.Application", "SIGEBI.Application\SIGEBI.Application.csproj", "{B17CB006-B86B-4429-B11B-AE78CA64F2BF}"
EndProject
Project("{2150E333-8FDC-42A3-9474-1A3956D46DE8}") = "Core", "Core", "{7C434727-A86C-49D2-91BB-181263ECC90C}"
EndProject
Project("{FAE04EC0-301F-11D3-BF4B-00C04F79EFBC}") = "SIGEBI.Domain", "SIGEBI.Domain\SIGEBI.Domain.csproj", "{8CA7C849-B8D7-4D55-8B1C-3BC27BEF7A1E}"
EndProject
Project("{FAE04EC0-301F-11D3-BF4B-00C04F79EFBC}") = "SIGEBI.Model", "SIGEBI.Model\SIGEBI.Model.csproj", "{F4A74E4B-3E1F-43E6-AD14-11D153030F6F}"
EndProject
Project("{2150E333-8FDC-42A3-9474-1A3956D46DE8}") = "Infraestructure", "Infraestructure", "{79BFF1EB-AB4E-4A32-AD6C-7B263D87E96E}"
EndProject
Project("{FAE04EC0-301F-11D3-BF4B-00C04F79EFBC}") = "SIGEBI.Infraestructure", "SIGEBI.Infraestructure\SIGEBI.Infraestructure.csproj", "{448AFBD3-4110-4784-9532-723516111BD6}"
EndProject
Project("{FAE04EC0-301F-11D3-BF4B-00C04F79EFBC}") = "SIGEBI.Persistence", "SIGEBI.Persistence\SIGEBI.Persistence.csproj", "{7AFB05F5-65A4-4E3D-87A5-83B84D1EF611}"
EndProject
Project("{2150E333-8FDC-42A3-9474-1A3956D46DE8}") = "IOC", "IOC", "{21359154-63C4-4780-B4C3-8E867C447617}"
EndProject
Project("{FAE04EC0-301F-11D3-BF4B-00C04F79EFBC}") = "SIGEBI.IOC", "SIGEBI.IOC\SIGEBI.IOC.csproj", "{31185575-440B-472D-B412-876104D0BCB9}"
EndProject
Project("{2150E333-8FDC-42A3-9474-1A3956D46DE8}") = "Test", "Test", "{A2F5AB13-76D5-428A-BDD4-50C92251088C}"
EndProject
Project("{FAE04EC0-301F-11D3-BF4B-00C04F79EFBC}") = "SIGEBI.Aplication.Test", "SIGEBI.Aplication.Test\SIGEBI.Aplication.Test.csproj", "{F9570F53-3807-4C98-99CE-F0B1B3F12CE5}"
EndProject
Project("{FAE04EC0-301F-11D3-BF4B-00C04F79EFBC}") = "SIGEBI.Persistence.Test", "SIGEBI.Persistence.Test\SIGEBI.Persistence.Test.csproj", "{D131FC3A-D5DD-4A0D-89C2-5D80E7A4FB02}"
EndProject
Project("{2150E333-8FDC-42A3-9474-1A3956D46DE8}") = "Web", "Web", "{F13A4895-EE60-45CB-8745-88FEC6D265CC}"
EndProject
Project("{FAE04EC0-301F-11D3-BF4B-00C04F79EFBC}") = "SIGEBI.Web", "SIGEBI.Web\SIGEBI.Web.csproj", "{1C0D3A11-3049-4CCF-9200-2D756994B5C5}"
EndProject
Project("{FAE04EC0-301F-11D3-BF4B-00C04F79EFBC}") = "SIGEBI.WebApi", "SIGEBI.WebApi\SIGEBI.WebApi.csproj", "{98497906-79F1-4A33-8B06-C849FFE401C5}"
EndProject
Global
	GlobalSection(SolutionConfigurationPlatforms) = preSolution
		Debug|Any CPU = Debug|Any CPU
		Release|Any CPU = Release|Any CPU
	EndGlobalSection
	GlobalSection(ProjectConfigurationPlatforms) = postSolution
		{058458DC-8CBB-4030-8A73-FCBC85C6096D}.Debug|Any CPU.ActiveCfg = Debug|Any CPU
		{058458DC-8CBB-4030-8A73-FCBC85C6096D}.Debug|Any CPU.Build.0 = Debug|Any CPU
		{058458DC-8CBB-4030-8A73-FCBC85C6096D}.Release|Any CPU.ActiveCfg = Release|Any CPU
		{058458DC-8CBB-4030-8A73-FCBC85C6096D}.Release|Any CPU.Build.0 = Release|Any CPU
		{B17CB006-B86B-4429-B11B-AE78CA64F2BF}.Debug|Any CPU.ActiveCfg = Debug|Any CPU
		{B17CB006-B86B-4429-B11B-AE78CA64F2BF}.Debug|Any CPU.Build.0 = Debug|Any CPU
		{B17CB006-B86B-4429-B11B-AE78CA64F2BF}.Release|Any CPU.ActiveCfg = Release|Any CPU
		{B17CB006-B86B-4429-B11B-AE78CA64F2BF}.Release|Any CPU.Build.0 = Release|Any CPU
		{8CA7C849-B8D7-4D55-8B1C-3BC27BEF7A1E}.Debug|Any CPU.ActiveCfg = Debug|Any CPU
		{8CA7C849-B8D7-4D55-8B1C-3BC27BEF7A1E}.Debug|Any CPU.Build.0 = Debug|Any CPU
		{8CA7C849-B8D7-4D55-8B1C-3BC27BEF7A1E}.Release|Any CPU.ActiveCfg = Release|Any CPU
		{8CA7C849-B8D7-4D55-8B1C-3BC27BEF7A1E}.Release|Any CPU.Build.0 = Release|Any CPU
		{F4A74E4B-3E1F-43E6-AD14-11D153030F6F}.Debug|Any CPU.ActiveCfg = Debug|Any CPU
		{F4A74E4B-3E1F-43E6-AD14-11D153030F6F}.Debug|Any CPU.Build.0 = Debug|Any CPU
		{F4A74E4B-3E1F-43E6-AD14-11D153030F6F}.Release|Any CPU.ActiveCfg = Release|Any CPU
		{F4A74E4B-3E1F-43E6-AD14-11D153030F6F}.Release|Any CPU.Build.0 = Release|Any CPU
		{448AFBD3-4110-4784-9532-723516111BD6}.Debug|Any CPU.ActiveCfg = Debug|Any CPU
		{448AFBD3-4110-4784-9532-723516111BD6}.Debug|Any CPU.Build.0 = Debug|Any CPU
		{448AFBD3-4110-4784-9532-723516111BD6}.Release|Any CPU.ActiveCfg = Release|Any CPU
		{448AFBD3-4110-4784-9532-723516111BD6}.Release|Any CPU.Build.0 = Release|Any CPU
		{7AFB05F5-65A4-4E3D-87A5-83B84D1EF611}.Debug|Any CPU.ActiveCfg = Debug|Any CPU
		{7AFB05F5-65A4-4E3D-87A5-83B84D1EF611}.Debug|Any CPU.Build.0 = Debug|Any CPU
		{7AFB05F5-65A4-4E3D-87A5-83B84D1EF611}.Release|Any CPU.ActiveCfg = Release|Any CPU
		{7AFB05F5-65A4-4E3D-87A5-83B84D1EF611}.Release|Any CPU.Build.0 = Release|Any CPU
		{31185575-440B-472D-B412-876104D0BCB9}.Debug|Any CPU.ActiveCfg = Debug|Any CPU
		{31185575-440B-472D-B412-876104D0BCB9}.Debug|Any CPU.Build.0 = Debug|Any CPU
		{31185575-440B-472D-B412-876104D0BCB9}.Release|Any CPU.ActiveCfg = Release|Any CPU
		{31185575-440B-472D-B412-876104D0BCB9}.Release|Any CPU.Build.0 = Release|Any CPU
		{F9570F53-3807-4C98-99CE-F0B1B3F12CE5}.Debug|Any CPU.ActiveCfg = Debug|Any CPU
		{F9570F53-3807-4C98-99CE-F0B1B3F12CE5}.Debug|Any CPU.Build.0 = Debug|Any CPU
		{F9570F53-3807-4C98-99CE-F0B1B3F12CE5}.Release|Any CPU.ActiveCfg = Release|Any CPU
		{F9570F53-3807-4C98-99CE-F0B1B3F12CE5}.Release|Any CPU.Build.0 = Release|Any CPU
		{D131FC3A-D5DD-4A0D-89C2-5D80E7A4FB02}.Debug|Any CPU.ActiveCfg = Debug|Any CPU
		{D131FC3A-D5DD-4A0D-89C2-5D80E7A4FB02}.Debug|Any CPU.Build.0 = Debug|Any CPU
		{D131FC3A-D5DD-4A0D-89C2-5D80E7A4FB02}.Release|Any CPU.ActiveCfg = Release|Any CPU
		{D131FC3A-D5DD-4A0D-89C2-5D80E7A4FB02}.Release|Any CPU.Build.0 = Release|Any CPU
		{1C0D3A11-3049-4CCF-9200-2D756994B5C5}.Debug|Any CPU.ActiveCfg = Debug|Any CPU
		{1C0D3A11-3049-4CCF-9200-2D756994B5C5}.Debug|Any CPU.Build.0 = Debug|Any CPU
		{1C0D3A11-3049-4CCF-9200-2D756994B5C5}.Release|Any CPU.ActiveCfg = Release|Any CPU
		{1C0D3A11-3049-4CCF-9200-2D756994B5C5}.Release|Any CPU.Build.0 = Release|Any CPU
		{98497906-79F1-4A33-8B06-C849FFE401C5}.Debug|Any CPU.ActiveCfg = Debug|Any CPU
		{98497906-79F1-4A33-8B06-C849FFE401C5}.Debug|Any CPU.Build.0 = Debug|Any CPU
		{98497906-79F1-4A33-8B06-C849FFE401C5}.Release|Any CPU.ActiveCfg = Release|Any CPU
		{98497906-79F1-4A33-8B06-C849FFE401C5}.Release|Any CPU.Build.0 = Release|Any CPU
	EndGlobalSection
	GlobalSection(SolutionProperties) = preSolution
		HideSolutionNode = FALSE
	EndGlobalSection
	GlobalSection(NestedProjects) = preSolution
		{058458DC-8CBB-4030-8A73-FCBC85C6096D} = {02EA681E-C7D8-13C7-8484-4AC65E1B71E8}
		{B17CB006-B86B-4429-B11B-AE78CA64F2BF} = {34D0DB52-0AF5-4748-B94E-B80117BC8FF8}
		{8CA7C849-B8D7-4D55-8B1C-3BC27BEF7A1E} = {7C434727-A86C-49D2-91BB-181263ECC90C}
		{F4A74E4B-3E1F-43E6-AD14-11D153030F6F} = {7C434727-A86C-49D2-91BB-181263ECC90C}
		{448AFBD3-4110-4784-9532-723516111BD6} = {79BFF1EB-AB4E-4A32-AD6C-7B263D87E96E}
		{7AFB05F5-65A4-4E3D-87A5-83B84D1EF611} = {79BFF1EB-AB4E-4A32-AD6C-7B263D87E96E}
		{31185575-440B-472D-B412-876104D0BCB9} = {21359154-63C4-4780-B4C3-8E867C447617}
		{F9570F53-3807-4C98-99CE-F0B1B3F12CE5} = {A2F5AB13-76D5-428A-BDD4-50C92251088C}
		{D131FC3A-D5DD-4A0D-89C2-5D80E7A4FB02} = {A2F5AB13-76D5-428A-BDD4-50C92251088C}
		{1C0D3A11-3049-4CCF-9200-2D756994B5C5} = {F13A4895-EE60-45CB-8745-88FEC6D265CC}
		{98497906-79F1-4A33-8B06-C849FFE401C5} = {02EA681E-C7D8-13C7-8484-4AC65E1B71E8}
	EndGlobalSection
	GlobalSection(ExtensibilityGlobals) = postSolution
		SolutionGuid = {AE18902F-5774-4FF2-8F14-D45CDD59DFF6}
	EndGlobalSection
EndGlobal
